
Microsoft Visual Studio Solution File, Format Version 12.00
# Visual Studio Version 16
VisualStudioVersion = 16.0.30413.136
MinimumVisualStudioVersion = 10.0.40219.1
Project("{FAE04EC0-301F-11D3-BF4B-00C04F79EFBC}") = "Washing Machine", "Washing Machine\Washing Machine.csproj", "{99A2BBB4-4152-4416-A7F5-ED01161D62A9}"
EndProject
Project("{9A19103F-16F7-4668-BE54-9A1E7A4F7556}") = "Planets", "Planets\Planets.csproj", "{AB16C2DB-055E-472A-A0CC-D6E94BECC45E}"
EndProject
Project("{FAE04EC0-301F-11D3-BF4B-00C04F79EFBC}") = "Person", "Person\Person.csproj", "{BD7010B0-BAA9-420D-A9DB-23A6437597F3}"
EndProject
Project("{9A19103F-16F7-4668-BE54-9A1E7A4F7556}") = "PhoneWaitingLine", "Queue\PhoneWaitingLine.csproj", "{C6C8E700-07E8-427B-B8EE-1CBC1D8CB7A7}"
EndProject
Project("{9A19103F-16F7-4668-BE54-9A1E7A4F7556}") = "Library", "Library\Library.csproj", "{71A4994E-DE8F-48E2-8E49-61E4FA568A3F}"
EndProject
Project("{FAE04EC0-301F-11D3-BF4B-00C04F79EFBC}") = "Jedi_Mind_Tricks", "Jedi_Mind_Tricks\Jedi_Mind_Tricks.csproj", "{E7C3C9D7-A3E7-4BE7-9247-4C35EFE741F6}"
EndProject
Project("{9A19103F-16F7-4668-BE54-9A1E7A4F7556}") = "Geometry", "Geometry\Geometry.csproj", "{4F1E4963-5DE0-45AA-BDBB-389161B96FAD}"
EndProject
Project("{9A19103F-16F7-4668-BE54-9A1E7A4F7556}") = "BattleShip", "BattleShip\BattleShip.csproj", "{247B45C4-B51D-439C-9715-02F3F0882144}"
EndProject
Project("{FAE04EC0-301F-11D3-BF4B-00C04F79EFBC}") = "GumballMachine", "GumballMachine\GumballMachine.csproj", "{C2D89B97-4FB1-4025-A050-33694E9E88E3}"
EndProject
Global
	GlobalSection(SolutionConfigurationPlatforms) = preSolution
		Debug|Any CPU = Debug|Any CPU
		Release|Any CPU = Release|Any CPU
	EndGlobalSection
	GlobalSection(ProjectConfigurationPlatforms) = postSolution
		{99A2BBB4-4152-4416-A7F5-ED01161D62A9}.Debug|Any CPU.ActiveCfg = Debug|Any CPU
		{99A2BBB4-4152-4416-A7F5-ED01161D62A9}.Debug|Any CPU.Build.0 = Debug|Any CPU
		{99A2BBB4-4152-4416-A7F5-ED01161D62A9}.Release|Any CPU.ActiveCfg = Release|Any CPU
		{99A2BBB4-4152-4416-A7F5-ED01161D62A9}.Release|Any CPU.Build.0 = Release|Any CPU
		{AB16C2DB-055E-472A-A0CC-D6E94BECC45E}.Debug|Any CPU.ActiveCfg = Debug|Any CPU
		{AB16C2DB-055E-472A-A0CC-D6E94BECC45E}.Debug|Any CPU.Build.0 = Debug|Any CPU
		{AB16C2DB-055E-472A-A0CC-D6E94BECC45E}.Release|Any CPU.ActiveCfg = Release|Any CPU
		{AB16C2DB-055E-472A-A0CC-D6E94BECC45E}.Release|Any CPU.Build.0 = Release|Any CPU
		{BD7010B0-BAA9-420D-A9DB-23A6437597F3}.Debug|Any CPU.ActiveCfg = Debug|Any CPU
		{BD7010B0-BAA9-420D-A9DB-23A6437597F3}.Debug|Any CPU.Build.0 = Debug|Any CPU
		{BD7010B0-BAA9-420D-A9DB-23A6437597F3}.Release|Any CPU.ActiveCfg = Release|Any CPU
		{BD7010B0-BAA9-420D-A9DB-23A6437597F3}.Release|Any CPU.Build.0 = Release|Any CPU
		{C6C8E700-07E8-427B-B8EE-1CBC1D8CB7A7}.Debug|Any CPU.ActiveCfg = Debug|Any CPU
		{C6C8E700-07E8-427B-B8EE-1CBC1D8CB7A7}.Debug|Any CPU.Build.0 = Debug|Any CPU
		{C6C8E700-07E8-427B-B8EE-1CBC1D8CB7A7}.Release|Any CPU.ActiveCfg = Release|Any CPU
		{C6C8E700-07E8-427B-B8EE-1CBC1D8CB7A7}.Release|Any CPU.Build.0 = Release|Any CPU
		{71A4994E-DE8F-48E2-8E49-61E4FA568A3F}.Debug|Any CPU.ActiveCfg = Debug|Any CPU
		{71A4994E-DE8F-48E2-8E49-61E4FA568A3F}.Debug|Any CPU.Build.0 = Debug|Any CPU
		{71A4994E-DE8F-48E2-8E49-61E4FA568A3F}.Release|Any CPU.ActiveCfg = Release|Any CPU
		{71A4994E-DE8F-48E2-8E49-61E4FA568A3F}.Release|Any CPU.Build.0 = Release|Any CPU
		{E7C3C9D7-A3E7-4BE7-9247-4C35EFE741F6}.Debug|Any CPU.ActiveCfg = Debug|Any CPU
		{E7C3C9D7-A3E7-4BE7-9247-4C35EFE741F6}.Debug|Any CPU.Build.0 = Debug|Any CPU
		{E7C3C9D7-A3E7-4BE7-9247-4C35EFE741F6}.Release|Any CPU.ActiveCfg = Release|Any CPU
		{E7C3C9D7-A3E7-4BE7-9247-4C35EFE741F6}.Release|Any CPU.Build.0 = Release|Any CPU
		{4F1E4963-5DE0-45AA-BDBB-389161B96FAD}.Debug|Any CPU.ActiveCfg = Debug|Any CPU
		{4F1E4963-5DE0-45AA-BDBB-389161B96FAD}.Debug|Any CPU.Build.0 = Debug|Any CPU
		{4F1E4963-5DE0-45AA-BDBB-389161B96FAD}.Release|Any CPU.ActiveCfg = Release|Any CPU
		{4F1E4963-5DE0-45AA-BDBB-389161B96FAD}.Release|Any CPU.Build.0 = Release|Any CPU
		{247B45C4-B51D-439C-9715-02F3F0882144}.Debug|Any CPU.ActiveCfg = Debug|Any CPU
		{247B45C4-B51D-439C-9715-02F3F0882144}.Debug|Any CPU.Build.0 = Debug|Any CPU
		{247B45C4-B51D-439C-9715-02F3F0882144}.Release|Any CPU.ActiveCfg = Release|Any CPU
		{247B45C4-B51D-439C-9715-02F3F0882144}.Release|Any CPU.Build.0 = Release|Any CPU
		{C2D89B97-4FB1-4025-A050-33694E9E88E3}.Debug|Any CPU.ActiveCfg = Debug|Any CPU
		{C2D89B97-4FB1-4025-A050-33694E9E88E3}.Debug|Any CPU.Build.0 = Debug|Any CPU
		{C2D89B97-4FB1-4025-A050-33694E9E88E3}.Release|Any CPU.ActiveCfg = Release|Any CPU
		{C2D89B97-4FB1-4025-A050-33694E9E88E3}.Release|Any CPU.Build.0 = Release|Any CPU
	EndGlobalSection
	GlobalSection(SolutionProperties) = preSolution
		HideSolutionNode = FALSE
	EndGlobalSection
	GlobalSection(ExtensibilityGlobals) = postSolution
		SolutionGuid = {B7158ADE-44C6-4022-8C2B-41959D027E45}
	EndGlobalSection
EndGlobal
